
Microsoft Visual Studio Solution File, Format Version 12.00
# Visual Studio 2012
Project("{FAE04EC0-301F-11D3-BF4B-00C04F79EFBC}") = "Umbraco7Demo", "Umbraco7Demo\Umbraco7Demo.csproj", "{E3764E42-EC1B-4ED2-B0EB-659ED3C8309C}"
EndProject
Project("{2150E333-8FDC-42A3-9474-1A3956D46DE8}") = ".nuget", ".nuget", "{A062654C-E400-4681-A802-79E785EAD036}"
	ProjectSection(SolutionItems) = preProject
		.nuget\NuGet.Config = .nuget\NuGet.Config
		.nuget\NuGet.exe = .nuget\NuGet.exe
		.nuget\NuGet.targets = .nuget\NuGet.targets
	EndProjectSection
EndProject
Global
	GlobalSection(SolutionConfigurationPlatforms) = preSolution
		Debug|Any CPU = Debug|Any CPU
		Release|Any CPU = Release|Any CPU
	EndGlobalSection
	GlobalSection(ProjectConfigurationPlatforms) = postSolution
		{E3764E42-EC1B-4ED2-B0EB-659ED3C8309C}.Debug|Any CPU.ActiveCfg = Debug|Any CPU
		{E3764E42-EC1B-4ED2-B0EB-659ED3C8309C}.Debug|Any CPU.Build.0 = Debug|Any CPU
		{E3764E42-EC1B-4ED2-B0EB-659ED3C8309C}.Release|Any CPU.ActiveCfg = Release|Any CPU
		{E3764E42-EC1B-4ED2-B0EB-659ED3C8309C}.Release|Any CPU.Build.0 = Release|Any CPU
	EndGlobalSection
	GlobalSection(SolutionProperties) = preSolution
		HideSolutionNode = FALSE
	EndGlobalSection
EndGlobal
